
Microsoft Visual Studio Solution File, Format Version 12.00
# Visual Studio Version 17
VisualStudioVersion = 17.6.33815.320
MinimumVisualStudioVersion = 10.0.40219.1
Project("{FAE04EC0-301F-11D3-BF4B-00C04F79EFBC}") = "Sample", "Sample\Sample.csproj", "{4D9F8F8F-6C85-46B7-829A-7B96EB7AE88D}"
EndProject
Project("{FAE04EC0-301F-11D3-BF4B-00C04F79EFBC}") = "CaoThiThanhQuynh_2021605634_20241IT6034002_TKLL", "CaoThiThanhQuynh_2021605634_20241IT6034002_TKLL\CaoThiThanhQuynh_2021605634_20241IT6034002_TKLL.csproj", "{A95F5A4D-D81C-40F6-9586-4DB781B77445}"
EndProject
Global
	GlobalSection(SolutionConfigurationPlatforms) = preSolution
		Debug|Any CPU = Debug|Any CPU
		Release|Any CPU = Release|Any CPU
	EndGlobalSection
	GlobalSection(ProjectConfigurationPlatforms) = postSolution
		{4D9F8F8F-6C85-46B7-829A-7B96EB7AE88D}.Debug|Any CPU.ActiveCfg = Debug|Any CPU
		{4D9F8F8F-6C85-46B7-829A-7B96EB7AE88D}.Debug|Any CPU.Build.0 = Debug|Any CPU
		{4D9F8F8F-6C85-46B7-829A-7B96EB7AE88D}.Release|Any CPU.ActiveCfg = Release|Any CPU
		{4D9F8F8F-6C85-46B7-829A-7B96EB7AE88D}.Release|Any CPU.Build.0 = Release|Any CPU
		{A95F5A4D-D81C-40F6-9586-4DB781B77445}.Debug|Any CPU.ActiveCfg = Debug|Any CPU
		{A95F5A4D-D81C-40F6-9586-4DB781B77445}.Debug|Any CPU.Build.0 = Debug|Any CPU
		{A95F5A4D-D81C-40F6-9586-4DB781B77445}.Release|Any CPU.ActiveCfg = Release|Any CPU
		{A95F5A4D-D81C-40F6-9586-4DB781B77445}.Release|Any CPU.Build.0 = Release|Any CPU
	EndGlobalSection
	GlobalSection(SolutionProperties) = preSolution
		HideSolutionNode = FALSE
	EndGlobalSection
	GlobalSection(ExtensibilityGlobals) = postSolution
		SolutionGuid = {2F65B0C6-D4DE-43BF-97DC-721258CB0246}
	EndGlobalSection
EndGlobal
